
Microsoft Visual Studio Solution File, Format Version 12.00
# Visual Studio 15
VisualStudioVersion = 15.0.28010.2016
MinimumVisualStudioVersion = 10.0.40219.1
Project("{FAE04EC0-301F-11D3-BF4B-00C04F79EFBC}") = "TcpClientTest", "TcpClientTest\TcpClientTest.csproj", "{9DBBF167-AE64-4DD2-9490-28E52B43C2F5}"
EndProject
Global
	GlobalSection(SolutionConfigurationPlatforms) = preSolution
		Debug|Any CPU = Debug|Any CPU
		Release|Any CPU = Release|Any CPU
	EndGlobalSection
	GlobalSection(ProjectConfigurationPlatforms) = postSolution
		{9DBBF167-AE64-4DD2-9490-28E52B43C2F5}.Debug|Any CPU.ActiveCfg = Debug|Any CPU
		{9DBBF167-AE64-4DD2-9490-28E52B43C2F5}.Debug|Any CPU.Build.0 = Debug|Any CPU
		{9DBBF167-AE64-4DD2-9490-28E52B43C2F5}.Release|Any CPU.ActiveCfg = Release|Any CPU
		{9DBBF167-AE64-4DD2-9490-28E52B43C2F5}.Release|Any CPU.Build.0 = Release|Any CPU
	EndGlobalSection
	GlobalSection(SolutionProperties) = preSolution
		HideSolutionNode = FALSE
	EndGlobalSection
	GlobalSection(ExtensibilityGlobals) = postSolution
		SolutionGuid = {7C4E6862-D124-4241-9E06-83F33CD3C3B8}
	EndGlobalSection
EndGlobal
